<Solution>
  <Project Path="ODTDOCXtoPDFConverter.Api/ODTDOCXtoPDFConverter.Api.csproj" Id="e3d8fd39-c526-4922-a614-744297b3c704" />
  <Project Path="ODTDOCXtoPDFConverter/ODTDOCXtoPDFConverter.csproj" />
  <Project Path="Sandbox/Sandbox.csproj" Id="72dbb4cb-b340-4ee4-a152-1d7676121f6b" />
</Solution>
